
Microsoft Visual Studio Solution File, Format Version 12.00
# Visual Studio Version 17
VisualStudioVersion = 17.8.34330.188
MinimumVisualStudioVersion = 10.0.40219.1
Project("{FAE04EC0-301F-11D3-BF4B-00C04F79EFBC}") = "Flightstickets", "Flightstickets\Flightstickets.csproj", "{19595706-B418-446A-BF28-7F3004BF32F0}"
EndProject
Global
	GlobalSection(SolutionConfigurationPlatforms) = preSolution
		Debug|Any CPU = Debug|Any CPU
		Release|Any CPU = Release|Any CPU
	EndGlobalSection
	GlobalSection(ProjectConfigurationPlatforms) = postSolution
		{19595706-B418-446A-BF28-7F3004BF32F0}.Debug|Any CPU.ActiveCfg = Debug|Any CPU
		{19595706-B418-446A-BF28-7F3004BF32F0}.Debug|Any CPU.Build.0 = Debug|Any CPU
		{19595706-B418-446A-BF28-7F3004BF32F0}.Release|Any CPU.ActiveCfg = Release|Any CPU
		{19595706-B418-446A-BF28-7F3004BF32F0}.Release|Any CPU.Build.0 = Release|Any CPU
	EndGlobalSection
	GlobalSection(SolutionProperties) = preSolution
		HideSolutionNode = FALSE
	EndGlobalSection
	GlobalSection(ExtensibilityGlobals) = postSolution
		SolutionGuid = {7C1B55C2-01F0-403C-9405-585D65F48180}
	EndGlobalSection
EndGlobal
